// !$*UTF8*$!
{
	archiveVersion = 1;
	classes = {
	};
	objectVersion = 55;
	objects = {

/* Begin PBXBuildFile section */
		A4E1126727DFDAB400EC923E /* BallUpApp.swift in Sources */ = {isa = PBXBuildFile; fileRef = A4E1126627DFDAB400EC923E /* BallUpApp.swift */; };
		A4E1126927DFDAB400EC923E /* ContentView.swift in Sources */ = {isa = PBXBuildFile; fileRef = A4E1126827DFDAB400EC923E /* ContentView.swift */; };
		A4E1126B27DFDAB900EC923E /* Assets.xcassets in Resources */ = {isa = PBXBuildFile; fileRef = A4E1126A27DFDAB900EC923E /* Assets.xcassets */; };
		A4E1126E27DFDAB900EC923E /* Preview Assets.xcassets in Resources */ = {isa = PBXBuildFile; fileRef = A4E1126D27DFDAB900EC923E /* Preview Assets.xcassets */; };
		A4E1127827DFFF1900EC923E /* LoginView.swift in Sources */ = {isa = PBXBuildFile; fileRef = A4E1127727DFFF1900EC923E /* LoginView.swift */; };
		A4E1127A27DFFF3500EC923E /* SignupView.swift in Sources */ = {isa = PBXBuildFile; fileRef = A4E1127927DFFF3500EC923E /* SignupView.swift */; };
		A4E23EC227E0283C00EEA8A2 /* TabNavigationView.swift in Sources */ = {isa = PBXBuildFile; fileRef = A4E23EC127E0283C00EEA8A2 /* TabNavigationView.swift */; };
		A4E23EC427E06ADA00EEA8A2 /* UserTabView.swift in Sources */ = {isa = PBXBuildFile; fileRef = A4E23EC327E06AD900EEA8A2 /* UserTabView.swift */; };
		A4E23EC627E0704700EEA8A2 /* EvenMoreNestedView.swift in Sources */ = {isa = PBXBuildFile; fileRef = A4E23EC527E0704700EEA8A2 /* EvenMoreNestedView.swift */; };
/* End PBXBuildFile section */

/* Begin PBXFileReference section */
		A4E1126327DFDAB400EC923E /* BallUp.app */ = {isa = PBXFileReference; explicitFileType = wrapper.application; includeInIndex = 0; path = BallUp.app; sourceTree = BUILT_PRODUCTS_DIR; };
		A4E1126627DFDAB400EC923E /* BallUpApp.swift */ = {isa = PBXFileReference; lastKnownFileType = sourcecode.swift; path = BallUpApp.swift; sourceTree = "<group>"; };
		A4E1126827DFDAB400EC923E /* ContentView.swift */ = {isa = PBXFileReference; lastKnownFileType = sourcecode.swift; path = ContentView.swift; sourceTree = "<group>"; };
		A4E1126A27DFDAB900EC923E /* Assets.xcassets */ = {isa = PBXFileReference; lastKnownFileType = folder.assetcatalog; path = Assets.xcassets; sourceTree = "<group>"; };
		A4E1126D27DFDAB900EC923E /* Preview Assets.xcassets */ = {isa = PBXFileReference; lastKnownFileType = folder.assetcatalog; path = "Preview Assets.xcassets"; sourceTree = "<group>"; };
		A4E1127727DFFF1900EC923E /* LoginView.swift */ = {isa = PBXFileReference; lastKnownFileType = sourcecode.swift; path = LoginView.swift; sourceTree = "<group>"; };
		A4E1127927DFFF3500EC923E /* SignupView.swift */ = {isa = PBXFileReference; lastKnownFileType = sourcecode.swift; path = SignupView.swift; sourceTree = "<group>"; };
		A4E23EC127E0283C00EEA8A2 /* TabNavigationView.swift */ = {isa = PBXFileReference; lastKnownFileType = sourcecode.swift; path = TabNavigationView.swift; sourceTree = "<group>"; };
		A4E23EC327E06AD900EEA8A2 /* UserTabView.swift */ = {isa = PBXFileReference; lastKnownFileType = sourcecode.swift; path = UserTabView.swift; sourceTree = "<group>"; };
		A4E23EC527E0704700EEA8A2 /* EvenMoreNestedView.swift */ = {isa = PBXFileReference; lastKnownFileType = sourcecode.swift; path = EvenMoreNestedView.swift; sourceTree = "<group>"; };
/* End PBXFileReference section */

/* Begin PBXFrameworksBuildPhase section */
		A4E1126027DFDAB400EC923E /* Frameworks */ = {
			isa = PBXFrameworksBuildPhase;
			buildActionMask = 2147483647;
			files = (
			);
			runOnlyForDeploymentPostprocessing = 0;
		};
/* End PBXFrameworksBuildPhase section */

/* Begin PBXGroup section */
		A4E1125A27DFDAB400EC923E = {
			isa = PBXGroup;
			children = (
				A4E1126527DFDAB400EC923E /* BallUp */,
				A4E1126427DFDAB400EC923E /* Products */,
			);
			sourceTree = "<group>";
		};
		A4E1126427DFDAB400EC923E /* Products */ = {
			isa = PBXGroup;
			children = (
				A4E1126327DFDAB400EC923E /* BallUp.app */,
			);
			name = Products;
			sourceTree = "<group>";
		};
		A4E1126527DFDAB400EC923E /* BallUp */ = {
			isa = PBXGroup;
			children = (
				A4E1127427DFDF0600EC923E /* Views */,
				A4E1126627DFDAB400EC923E /* BallUpApp.swift */,
				A4E1126827DFDAB400EC923E /* ContentView.swift */,
				A4E1126A27DFDAB900EC923E /* Assets.xcassets */,
				A4E1126C27DFDAB900EC923E /* Preview Content */,
			);
			path = BallUp;
			sourceTree = "<group>";
		};
		A4E1126C27DFDAB900EC923E /* Preview Content */ = {
			isa = PBXGroup;
			children = (
				A4E1126D27DFDAB900EC923E /* Preview Assets.xcassets */,
			);
			path = "Preview Content";
			sourceTree = "<group>";
		};
		A4E1127427DFDF0600EC923E /* Views */ = {
			isa = PBXGroup;
			children = (
				A4E23EC027E0281700EEA8A2 /* NestedViews */,
				A4E1127727DFFF1900EC923E /* LoginView.swift */,
				A4E1127927DFFF3500EC923E /* SignupView.swift */,
				A4E23EC527E0704700EEA8A2 /* EvenMoreNestedView.swift */,
			);
			path = Views;
			sourceTree = "<group>";
		};
		A4E23EC027E0281700EEA8A2 /* NestedViews */ = {
			isa = PBXGroup;
			children = (
				A4E23EC127E0283C00EEA8A2 /* TabNavigationView.swift */,
				A4E23EC327E06AD900EEA8A2 /* UserTabView.swift */,
			);
			path = NestedViews;
			sourceTree = "<group>";
		};
/* End PBXGroup section */

/* Begin PBXNativeTarget section */
		A4E1126227DFDAB400EC923E /* BallUp */ = {
			isa = PBXNativeTarget;
			buildConfigurationList = A4E1127127DFDAB900EC923E /* Build configuration list for PBXNativeTarget "BallUp" */;
			buildPhases = (
				A4E1125F27DFDAB400EC923E /* Sources */,
				A4E1126027DFDAB400EC923E /* Frameworks */,
				A4E1126127DFDAB400EC923E /* Resources */,
			);
			buildRules = (
			);
			dependencies = (
			);
			name = BallUp;
			productName = BallUp;
			productReference = A4E1126327DFDAB400EC923E /* BallUp.app */;
			productType = "com.apple.product-type.application";
		};
/* End PBXNativeTarget section */

/* Begin PBXProject section */
		A4E1125B27DFDAB400EC923E /* Project object */ = {
			isa = PBXProject;
			attributes = {
				BuildIndependentTargetsInParallel = 1;
				LastSwiftUpdateCheck = 1320;
				LastUpgradeCheck = 1320;
				TargetAttributes = {
					A4E1126227DFDAB400EC923E = {
						CreatedOnToolsVersion = 13.2.1;
					};
				};
			};
			buildConfigurationList = A4E1125E27DFDAB400EC923E /* Build configuration list for PBXProject "BallUp" */;
			compatibilityVersion = "Xcode 13.0";
			developmentRegion = en;
			hasScannedForEncodings = 0;
			knownRegions = (
				en,
				Base,
			);
			mainGroup = A4E1125A27DFDAB400EC923E;
			productRefGroup = A4E1126427DFDAB400EC923E /* Products */;
			projectDirPath = "";
			projectRoot = "";
			targets = (
				A4E1126227DFDAB400EC923E /* BallUp */,
			);
		};
/* End PBXProject section */

/* Begin PBXResourcesBuildPhase section */
		A4E1126127DFDAB400EC923E /* Resources */ = {
			isa = PBXResourcesBuildPhase;
			buildActionMask = 2147483647;
			files = (
				A4E1126E27DFDAB900EC923E /* Preview Assets.xcassets in Resources */,
				A4E1126B27DFDAB900EC923E /* Assets.xcassets in Resources */,
			);
			runOnlyForDeploymentPostprocessing = 0;
		};
/* End PBXResourcesBuildPhase section */

/* Begin PBXSourcesBuildPhase section */
		A4E1125F27DFDAB400EC923E /* Sources */ = {
			isa = PBXSourcesBuildPhase;
			buildActionMask = 2147483647;
			files = (
				A4E23EC227E0283C00EEA8A2 /* TabNavigationView.swift in Sources */,
				A4E23EC627E0704700EEA8A2 /* EvenMoreNestedView.swift in Sources */,
				A4E1127A27DFFF3500EC923E /* SignupView.swift in Sources */,
				A4E1126927DFDAB400EC923E /* ContentView.swift in Sources */,
				A4E1127827DFFF1900EC923E /* LoginView.swift in Sources */,
				A4E1126727DFDAB400EC923E /* BallUpApp.swift in Sources */,
				A4E23EC427E06ADA00EEA8A2 /* UserTabView.swift in Sources */,
			);
			runOnlyForDeploymentPostprocessing = 0;
		};
/* End PBXSourcesBuildPhase section */

/* Begin XCBuildConfiguration section */
		A4E1126F27DFDAB900EC923E /* Debug */ = {
			isa = XCBuildConfiguration;
			buildSettings = {
				ALWAYS_SEARCH_USER_PATHS = NO;
				CLANG_ANALYZER_NONNULL = YES;
				CLANG_ANALYZER_NUMBER_OBJECT_CONVERSION = YES_AGGRESSIVE;
				CLANG_CXX_LANGUAGE_STANDARD = "gnu++17";
				CLANG_CXX_LIBRARY = "libc++";
				CLANG_ENABLE_MODULES = YES;
				CLANG_ENABLE_OBJC_ARC = YES;
				CLANG_ENABLE_OBJC_WEAK = YES;
				CLANG_WARN_BLOCK_CAPTURE_AUTORELEASING = YES;
				CLANG_WARN_BOOL_CONVERSION = YES;
				CLANG_WARN_COMMA = YES;
				CLANG_WARN_CONSTANT_CONVERSION = YES;
				CLANG_WARN_DEPRECATED_OBJC_IMPLEMENTATIONS = YES;
				CLANG_WARN_DIRECT_OBJC_ISA_USAGE = YES_ERROR;
				CLANG_WARN_DOCUMENTATION_COMMENTS = YES;
				CLANG_WARN_EMPTY_BODY = YES;
				CLANG_WARN_ENUM_CONVERSION = YES;
				CLANG_WARN_INFINITE_RECURSION = YES;
				CLANG_WARN_INT_CONVERSION = YES;
				CLANG_WARN_NON_LITERAL_NULL_CONVERSION = YES;
				CLANG_WARN_OBJC_IMPLICIT_RETAIN_SELF = YES;
				CLANG_WARN_OBJC_LITERAL_CONVERSION = YES;
				CLANG_WARN_OBJC_ROOT_CLASS = YES_ERROR;
				CLANG_WARN_QUOTED_INCLUDE_IN_FRAMEWORK_HEADER = YES;
				CLANG_WARN_RANGE_LOOP_ANALYSIS = YES;
				CLANG_WARN_STRICT_PROTOTYPES = YES;
				CLANG_WARN_SUSPICIOUS_MOVE = YES;
				CLANG_WARN_UNGUARDED_AVAILABILITY = YES_AGGRESSIVE;
				CLANG_WARN_UNREACHABLE_CODE = YES;
				CLANG_WARN__DUPLICATE_METHOD_MATCH = YES;
				COPY_PHASE_STRIP = NO;
				DEBUG_INFORMATION_FORMAT = dwarf;
				ENABLE_STRICT_OBJC_MSGSEND = YES;
				ENABLE_TESTABILITY = YES;
				GCC_C_LANGUAGE_STANDARD = gnu11;
				GCC_DYNAMIC_NO_PIC = NO;
				GCC_NO_COMMON_BLOCKS = YES;
				GCC_OPTIMIZATION_LEVEL = 0;
				GCC_PREPROCESSOR_DEFINITIONS = (
					"DEBUG=1",
					"$(inherited)",
				);
				GCC_WARN_64_TO_32_BIT_CONVERSION = YES;
				GCC_WARN_ABOUT_RETURN_TYPE = YES_ERROR;
				GCC_WARN_UNDECLARED_SELECTOR = YES;
				GCC_WARN_UNINITIALIZED_AUTOS = YES_AGGRESSIVE;
				GCC_WARN_UNUSED_FUNCTION = YES;
				GCC_WARN_UNUSED_VARIABLE = YES;
				IPHONEOS_DEPLOYMENT_TARGET = 15.2;
				MTL_ENABLE_DEBUG_INFO = INCLUDE_SOURCE;
				MTL_FAST_MATH = YES;
				ONLY_ACTIVE_ARCH = YES;
				SDKROOT = iphoneos;
				SWIFT_ACTIVE_COMPILATION_CONDITIONS = DEBUG;
				SWIFT_OPTIMIZATION_LEVEL = "-Onone";
			};
			name = Debug;
		};
		A4E1127027DFDAB900EC923E /* Release */ = {
			isa = XCBuildConfiguration;
			buildSettings = {
				ALWAYS_SEARCH_USER_PATHS = NO;
				CLANG_ANALYZER_NONNULL = YES;
				CLANG_ANALYZER_NUMBER_OBJECT_CONVERSION = YES_AGGRESSIVE;
				CLANG_CXX_LANGUAGE_STANDARD = "gnu++17";
				CLANG_CXX_LIBRARY = "libc++";
				CLANG_ENABLE_MODULES = YES;
				CLANG_ENABLE_OBJC_ARC = YES;
				CLANG_ENABLE_OBJC_WEAK = YES;
				CLANG_WARN_BLOCK_CAPTURE_AUTORELEASING = YES;
				CLANG_WARN_BOOL_CONVERSION = YES;
				CLANG_WARN_COMMA = YES;
				CLANG_WARN_CONSTANT_CONVERSION = YES;
				CLANG_WARN_DEPRECATED_OBJC_IMPLEMENTATIONS = YES;
				CLANG_WARN_DIRECT_OBJC_ISA_USAGE = YES_ERROR;
				CLANG_WARN_DOCUMENTATION_COMMENTS = YES;
				CLANG_WARN_EMPTY_BODY = YES;
				CLANG_WARN_ENUM_CONVERSION = YES;
				CLANG_WARN_INFINITE_RECURSION = YES;
				CLANG_WARN_INT_CONVERSION = YES;
				CLANG_WARN_NON_LITERAL_NULL_CONVERSION = YES;
				CLANG_WARN_OBJC_IMPLICIT_RETAIN_SELF = YES;
				CLANG_WARN_OBJC_LITERAL_CONVERSION = YES;
				CLANG_WARN_OBJC_ROOT_CLASS = YES_ERROR;
				CLANG_WARN_QUOTED_INCLUDE_IN_FRAMEWORK_HEADER = YES;
				CLANG_WARN_RANGE_LOOP_ANALYSIS = YES;
				CLANG_WARN_STRICT_PROTOTYPES = YES;
				CLANG_WARN_SUSPICIOUS_MOVE = YES;
				CLANG_WARN_UNGUARDED_AVAILABILITY = YES_AGGRESSIVE;
				CLANG_WARN_UNREACHABLE_CODE = YES;
				CLANG_WARN__DUPLICATE_METHOD_MATCH = YES;
				COPY_PHASE_STRIP = NO;
				DEBUG_INFORMATION_FORMAT = "dwarf-with-dsym";
				ENABLE_NS_ASSERTIONS = NO;
				ENABLE_STRICT_OBJC_MSGSEND = YES;
				GCC_C_LANGUAGE_STANDARD = gnu11;
				GCC_NO_COMMON_BLOCKS = YES;
				GCC_WARN_64_TO_32_BIT_CONVERSION = YES;
				GCC_WARN_ABOUT_RETURN_TYPE = YES_ERROR;
				GCC_WARN_UNDECLARED_SELECTOR = YES;
				GCC_WARN_UNINITIALIZED_AUTOS = YES_AGGRESSIVE;
				GCC_WARN_UNUSED_FUNCTION = YES;
				GCC_WARN_UNUSED_VARIABLE = YES;
				IPHONEOS_DEPLOYMENT_TARGET = 15.2;
				MTL_ENABLE_DEBUG_INFO = NO;
				MTL_FAST_MATH = YES;
				SDKROOT = iphoneos;
				SWIFT_COMPILATION_MODE = wholemodule;
				SWIFT_OPTIMIZATION_LEVEL = "-O";
				VALIDATE_PRODUCT = YES;
			};
			name = Release;
		};
		A4E1127227DFDAB900EC923E /* Debug */ = {
			isa = XCBuildConfiguration;
			buildSettings = {
				ASSETCATALOG_COMPILER_APPICON_NAME = AppIcon;
				ASSETCATALOG_COMPILER_GLOBAL_ACCENT_COLOR_NAME = AccentColor;
				CODE_SIGN_STYLE = Automatic;
				CURRENT_PROJECT_VERSION = 1;
				DEVELOPMENT_ASSET_PATHS = "\"BallUp/Preview Content\"";
				DEVELOPMENT_TEAM = AK2WT6GG67;
				ENABLE_PREVIEWS = YES;
				GENERATE_INFOPLIST_FILE = YES;
				INFOPLIST_KEY_UIApplicationSceneManifest_Generation = YES;
				INFOPLIST_KEY_UIApplicationSupportsIndirectInputEvents = YES;
				INFOPLIST_KEY_UILaunchScreen_Generation = YES;
				INFOPLIST_KEY_UISupportedInterfaceOrientations_iPad = "UIInterfaceOrientationPortrait UIInterfaceOrientationPortraitUpsideDown UIInterfaceOrientationLandscapeLeft UIInterfaceOrientationLandscapeRight";
				INFOPLIST_KEY_UISupportedInterfaceOrientations_iPhone = "UIInterfaceOrientationPortrait UIInterfaceOrientationLandscapeLeft UIInterfaceOrientationLandscapeRight";
				LD_RUNPATH_SEARCH_PATHS = (
					"$(inherited)",
					"@executable_path/Frameworks",
				);
				MARKETING_VERSION = 1.0;
				PRODUCT_BUNDLE_IDENTIFIER = "iggi-jimenez.BallUp";
				PRODUCT_NAME = "$(TARGET_NAME)";
				SWIFT_EMIT_LOC_STRINGS = YES;
				SWIFT_VERSION = 5.0;
				TARGETED_DEVICE_FAMILY = "1,2";
			};
			name = Debug;
		};
		A4E1127327DFDAB900EC923E /* Release */ = {
			isa = XCBuildConfiguration;
			buildSettings = {
				ASSETCATALOG_COMPILER_APPICON_NAME = AppIcon;
				ASSETCATALOG_COMPILER_GLOBAL_ACCENT_COLOR_NAME = AccentColor;
				CODE_SIGN_STYLE = Automatic;
				CURRENT_PROJECT_VERSION = 1;
				DEVELOPMENT_ASSET_PATHS = "\"BallUp/Preview Content\"";
				DEVELOPMENT_TEAM = AK2WT6GG67;
				ENABLE_PREVIEWS = YES;
				GENERATE_INFOPLIST_FILE = YES;
				INFOPLIST_KEY_UIApplicationSceneManifest_Generation = YES;
				INFOPLIST_KEY_UIApplicationSupportsIndirectInputEvents = YES;
				INFOPLIST_KEY_UILaunchScreen_Generation = YES;
				INFOPLIST_KEY_UISupportedInterfaceOrientations_iPad = "UIInterfaceOrientationPortrait UIInterfaceOrientationPortraitUpsideDown UIInterfaceOrientationLandscapeLeft UIInterfaceOrientationLandscapeRight";
				INFOPLIST_KEY_UISupportedInterfaceOrientations_iPhone = "UIInterfaceOrientationPortrait UIInterfaceOrientationLandscapeLeft UIInterfaceOrientationLandscapeRight";
				LD_RUNPATH_SEARCH_PATHS = (
					"$(inherited)",
					"@executable_path/Frameworks",
				);
				MARKETING_VERSION = 1.0;
				PRODUCT_BUNDLE_IDENTIFIER = "iggi-jimenez.BallUp";
				PRODUCT_NAME = "$(TARGET_NAME)";
				SWIFT_EMIT_LOC_STRINGS = YES;
				SWIFT_VERSION = 5.0;
				TARGETED_DEVICE_FAMILY = "1,2";
			};
			name = Release;
		};
/* End XCBuildConfiguration section */

/* Begin XCConfigurationList section */
		A4E1125E27DFDAB400EC923E /* Build configuration list for PBXProject "BallUp" */ = {
			isa = XCConfigurationList;
			buildConfigurations = (
				A4E1126F27DFDAB900EC923E /* Debug */,
				A4E1127027DFDAB900EC923E /* Release */,
			);
			defaultConfigurationIsVisible = 0;
			defaultConfigurationName = Release;
		};
		A4E1127127DFDAB900EC923E /* Build configuration list for PBXNativeTarget "BallUp" */ = {
			isa = XCConfigurationList;
			buildConfigurations = (
				A4E1127227DFDAB900EC923E /* Debug */,
				A4E1127327DFDAB900EC923E /* Release */,
			);
			defaultConfigurationIsVisible = 0;
			defaultConfigurationName = Release;
		};
/* End XCConfigurationList section */
	};
	rootObject = A4E1125B27DFDAB400EC923E /* Project object */;
}
